{
  "version": 4,
  "terraform_version": "1.8.3",
  "serial": 34,
  "lineage": "7ef99a32-68bd-31f6-7ba5-718403569131",
  "outputs": {},
  "resources": [
    {
      "mode": "data",
      "type": "azurerm_management_group",
      "name": "LZ-ROOT",
      "provider": "provider[\"registry.terraform.io/hashicorp/azurerm\"]",
      "instances": [
        {
          "schema_version": 0,
          "attributes": {
            "all_management_group_ids": [
              "/providers/Microsoft.Management/managementGroups/lzroot-platform-MG",
              "/providers/Microsoft.Management/managementGroups/lzroot-sandbox-MG",
              "/providers/Microsoft.Management/managementGroups/lzroot-workloads-MG",
              "/providers/Microsoft.Management/managementGroups/lzroot-workloads-dev-MG",
              "/providers/Microsoft.Management/managementGroups/lzroot-workloads-prod-MG",
              "/providers/Microsoft.Management/managementGroups/lzroot-workloads-nonprod-MG"
            ],
            "all_subscription_ids": [
              "4590de66-9d23-4f12-9f39-0a4aa5d8b42d",
              "014a3d4b-7ecb-4f5d-b83b-37fee56640f2",
              "d54ca194-bfb5-466b-8d10-ddc9f0e44347",
              "00b2fb94-5a9a-41ea-9b2d-30f0c0c27f6a"
            ],
            "display_name": "Landing Zone Root Management Group",
            "id": "/providers/Microsoft.Management/managementGroups/lzroot-MG",
            "management_group_ids": [
              "/providers/Microsoft.Management/managementGroups/lzroot-platform-MG",
              "/providers/Microsoft.Management/managementGroups/lzroot-sandbox-MG",
              "/providers/Microsoft.Management/managementGroups/lzroot-workloads-MG"
            ],
            "name": "lzroot-MG",
            "parent_management_group_id": "/providers/Microsoft.Management/managementGroups/MSFT_MSGSandbox",
            "subscription_ids": [],
            "tenant_scoped_id": "/tenants/ac32ce31-21bc-40f0-81ca-71c54057fde4/providers/Microsoft.Management/managementGroups/lzroot-MG",
            "timeouts": null
          },
          "sensitive_attributes": []
        }
      ]
    },
    {
      "mode": "managed",
      "type": "azurerm_management_group_policy_assignment",
      "name": "example",
      "provider": "provider[\"registry.terraform.io/hashicorp/azurerm\"]",
      "instances": [
        {
          "schema_version": 0,
          "attributes": {
            "description": "",
            "display_name": "GEN_Allowed locations",
            "enforce": true,
            "id": "/providers/Microsoft.Management/managementGroups/lzroot-MG/providers/Microsoft.Authorization/policyAssignments/KIRIL",
            "identity": [],
            "location": "westeurope",
            "management_group_id": "/providers/Microsoft.Management/managementGroups/lzroot-MG",
            "metadata": "{\"createdBy\":\"d54974c0-5287-46e5-b06a-3e2ee8c51fa6\",\"createdOn\":\"2024-06-02T12:56:37.7155306Z\",\"updatedBy\":null,\"updatedOn\":null}",
            "name": "KIRIL",
            "non_compliance_message": [],
            "not_scopes": [
              "/subscriptions/4590de66-9d23-4f12-9f39-0a4aa5d8b42d/resourceGroups/we-ydev-msft-f5-rg"
            ],
            "overrides": [],
            "parameters": " {\r\n        \"listOfAllowedLocations\": [\r\n                \"West Europe\"\r\n            ]\r\n    }\r\n",
            "policy_definition_id": "/providers/Microsoft.Authorization/policyDefinitions/e56962a6-4747-49cd-b67b-bf8b01975c4c",
            "resource_selectors": [],
            "timeouts": null
          },
          "sensitive_attributes": [],
          "private": "eyJlMmJmYjczMC1lY2FhLTExZTYtOGY4OC0zNDM2M2JjN2M0YzAiOnsiY3JlYXRlIjoxODAwMDAwMDAwMDAwLCJkZWxldGUiOjE4MDAwMDAwMDAwMDAsInJlYWQiOjMwMDAwMDAwMDAwMCwidXBkYXRlIjoxODAwMDAwMDAwMDAwfX0=",
          "dependencies": [
            "data.azurerm_management_group.LZ-ROOT"
          ]
        }
      ]
    }
  ],
  "check_results": null
}
